
Microsoft Visual Studio Solution File, Format Version 12.00
# Visual Studio 15
VisualStudioVersion = 15.0.28307.271
MinimumVisualStudioVersion = 10.0.40219.1
Project("{FAE04EC0-301F-11D3-BF4B-00C04F79EFBC}") = "StarAgency2", "StarAgency2\StarAgency2.csproj", "{4268C491-88B8-4032-89E4-48BFDE3A6A11}"
EndProject
Global
	GlobalSection(SolutionConfigurationPlatforms) = preSolution
		Debug|Any CPU = Debug|Any CPU
		Release|Any CPU = Release|Any CPU
	EndGlobalSection
	GlobalSection(ProjectConfigurationPlatforms) = postSolution
		{4268C491-88B8-4032-89E4-48BFDE3A6A11}.Debug|Any CPU.ActiveCfg = Debug|Any CPU
		{4268C491-88B8-4032-89E4-48BFDE3A6A11}.Debug|Any CPU.Build.0 = Debug|Any CPU
		{4268C491-88B8-4032-89E4-48BFDE3A6A11}.Release|Any CPU.ActiveCfg = Release|Any CPU
		{4268C491-88B8-4032-89E4-48BFDE3A6A11}.Release|Any CPU.Build.0 = Release|Any CPU
	EndGlobalSection
	GlobalSection(SolutionProperties) = preSolution
		HideSolutionNode = FALSE
	EndGlobalSection
	GlobalSection(ExtensibilityGlobals) = postSolution
		SolutionGuid = {E7764051-BF4F-4DFA-94EA-2981E1E2C122}
	EndGlobalSection
EndGlobal
